// !$*UTF8*$!
{
	archiveVersion = 1;
	classes = {
	};
	objectVersion = 48;
	objects = {

/* Begin PBXBuildFile section */
		92ED5CF81F5818D3007FEFE3 /* AppDelegate.swift in Sources */ = {isa = PBXBuildFile; fileRef = 92ED5CF71F5818D3007FEFE3 /* AppDelegate.swift */; };
		92ED5CFA1F5818D3007FEFE3 /* ViewController.swift in Sources */ = {isa = PBXBuildFile; fileRef = 92ED5CF91F5818D3007FEFE3 /* ViewController.swift */; };
		92ED5CFD1F5818D3007FEFE3 /* Main.storyboard in Resources */ = {isa = PBXBuildFile; fileRef = 92ED5CFB1F5818D3007FEFE3 /* Main.storyboard */; };
		92ED5CFF1F5818D3007FEFE3 /* Assets.xcassets in Resources */ = {isa = PBXBuildFile; fileRef = 92ED5CFE1F5818D3007FEFE3 /* Assets.xcassets */; };
		92ED5D021F5818D3007FEFE3 /* LaunchScreen.storyboard in Resources */ = {isa = PBXBuildFile; fileRef = 92ED5D001F5818D3007FEFE3 /* LaunchScreen.storyboard */; };
/* End PBXBuildFile section */

/* Begin PBXFileReference section */
		92ED5CF41F5818D3007FEFE3 /* AVPlayerViewController-Bug.app */ = {isa = PBXFileReference; explicitFileType = wrapper.application; includeInIndex = 0; path = "AVPlayerViewController-Bug.app"; sourceTree = BUILT_PRODUCTS_DIR; };
		92ED5CF71F5818D3007FEFE3 /* AppDelegate.swift */ = {isa = PBXFileReference; lastKnownFileType = sourcecode.swift; path = AppDelegate.swift; sourceTree = "<group>"; };
		92ED5CF91F5818D3007FEFE3 /* ViewController.swift */ = {isa = PBXFileReference; lastKnownFileType = sourcecode.swift; path = ViewController.swift; sourceTree = "<group>"; };
		92ED5CFC1F5818D3007FEFE3 /* Base */ = {isa = PBXFileReference; lastKnownFileType = file.storyboard; name = Base; path = Base.lproj/Main.storyboard; sourceTree = "<group>"; };
		92ED5CFE1F5818D3007FEFE3 /* Assets.xcassets */ = {isa = PBXFileReference; lastKnownFileType = folder.assetcatalog; path = Assets.xcassets; sourceTree = "<group>"; };
		92ED5D011F5818D3007FEFE3 /* Base */ = {isa = PBXFileReference; lastKnownFileType = file.storyboard; name = Base; path = Base.lproj/LaunchScreen.storyboard; sourceTree = "<group>"; };
		92ED5D031F5818D3007FEFE3 /* Info.plist */ = {isa = PBXFileReference; lastKnownFileType = text.plist.xml; path = Info.plist; sourceTree = "<group>"; };
/* End PBXFileReference section */

/* Begin PBXFrameworksBuildPhase section */
		92ED5CF11F5818D3007FEFE3 /* Frameworks */ = {
			isa = PBXFrameworksBuildPhase;
			buildActionMask = 2147483647;
			files = (
			);
			runOnlyForDeploymentPostprocessing = 0;
		};
/* End PBXFrameworksBuildPhase section */

/* Begin PBXGroup section */
		92ED5CEB1F5818D3007FEFE3 = {
			isa = PBXGroup;
			children = (
				92ED5CF61F5818D3007FEFE3 /* AVPlayerViewController-Bug */,
				92ED5CF51F5818D3007FEFE3 /* Products */,
			);
			sourceTree = "<group>";
		};
		92ED5CF51F5818D3007FEFE3 /* Products */ = {
			isa = PBXGroup;
			children = (
				92ED5CF41F5818D3007FEFE3 /* AVPlayerViewController-Bug.app */,
			);
			name = Products;
			sourceTree = "<group>";
		};
		92ED5CF61F5818D3007FEFE3 /* AVPlayerViewController-Bug */ = {
			isa = PBXGroup;
			children = (
				92ED5CF71F5818D3007FEFE3 /* AppDelegate.swift */,
				92ED5CF91F5818D3007FEFE3 /* ViewController.swift */,
				92ED5CFB1F5818D3007FEFE3 /* Main.storyboard */,
				92ED5CFE1F5818D3007FEFE3 /* Assets.xcassets */,
				92ED5D001F5818D3007FEFE3 /* LaunchScreen.storyboard */,
				92ED5D031F5818D3007FEFE3 /* Info.plist */,
			);
			path = "AVPlayerViewController-Bug";
			sourceTree = "<group>";
		};
/* End PBXGroup section */

/* Begin PBXNativeTarget section */
		92ED5CF31F5818D3007FEFE3 /* AVPlayerViewController-Bug */ = {
			isa = PBXNativeTarget;
			buildConfigurationList = 92ED5D061F5818D3007FEFE3 /* Build configuration list for PBXNativeTarget "AVPlayerViewController-Bug" */;
			buildPhases = (
				92ED5CF01F5818D3007FEFE3 /* Sources */,
				92ED5CF11F5818D3007FEFE3 /* Frameworks */,
				92ED5CF21F5818D3007FEFE3 /* Resources */,
			);
			buildRules = (
			);
			dependencies = (
			);
			name = "AVPlayerViewController-Bug";
			productName = "AVPlayerViewController-Bug";
			productReference = 92ED5CF41F5818D3007FEFE3 /* AVPlayerViewController-Bug.app */;
			productType = "com.apple.product-type.application";
		};
/* End PBXNativeTarget section */

/* Begin PBXProject section */
		92ED5CEC1F5818D3007FEFE3 /* Project object */ = {
			isa = PBXProject;
			attributes = {
				LastSwiftUpdateCheck = 0900;
				LastUpgradeCheck = 0900;
				ORGANIZATIONNAME = "Oleg Gnidets";
				TargetAttributes = {
					92ED5CF31F5818D3007FEFE3 = {
						CreatedOnToolsVersion = 9.0;
						ProvisioningStyle = Automatic;
					};
				};
			};
			buildConfigurationList = 92ED5CEF1F5818D3007FEFE3 /* Build configuration list for PBXProject "AVPlayerViewController-Bug" */;
			compatibilityVersion = "Xcode 8.0";
			developmentRegion = en;
			hasScannedForEncodings = 0;
			knownRegions = (
				en,
				Base,
			);
			mainGroup = 92ED5CEB1F5818D3007FEFE3;
			productRefGroup = 92ED5CF51F5818D3007FEFE3 /* Products */;
			projectDirPath = "";
			projectRoot = "";
			targets = (
				92ED5CF31F5818D3007FEFE3 /* AVPlayerViewController-Bug */,
			);
		};
/* End PBXProject section */

/* Begin PBXResourcesBuildPhase section */
		92ED5CF21F5818D3007FEFE3 /* Resources */ = {
			isa = PBXResourcesBuildPhase;
			buildActionMask = 2147483647;
			files = (
				92ED5D021F5818D3007FEFE3 /* LaunchScreen.storyboard in Resources */,
				92ED5CFF1F5818D3007FEFE3 /* Assets.xcassets in Resources */,
				92ED5CFD1F5818D3007FEFE3 /* Main.storyboard in Resources */,
			);
			runOnlyForDeploymentPostprocessing = 0;
		};
/* End PBXResourcesBuildPhase section */

/* Begin PBXSourcesBuildPhase section */
		92ED5CF01F5818D3007FEFE3 /* Sources */ = {
			isa = PBXSourcesBuildPhase;
			buildActionMask = 2147483647;
			files = (
				92ED5CFA1F5818D3007FEFE3 /* ViewController.swift in Sources */,
				92ED5CF81F5818D3007FEFE3 /* AppDelegate.swift in Sources */,
			);
			runOnlyForDeploymentPostprocessing = 0;
		};
/* End PBXSourcesBuildPhase section */

/* Begin PBXVariantGroup section */
		92ED5CFB1F5818D3007FEFE3 /* Main.storyboard */ = {
			isa = PBXVariantGroup;
			children = (
				92ED5CFC1F5818D3007FEFE3 /* Base */,
			);
			name = Main.storyboard;
			sourceTree = "<group>";
		};
		92ED5D001F5818D3007FEFE3 /* LaunchScreen.storyboard */ = {
			isa = PBXVariantGroup;
			children = (
				92ED5D011F5818D3007FEFE3 /* Base */,
			);
			name = LaunchScreen.storyboard;
			sourceTree = "<group>";
		};
/* End PBXVariantGroup section */

/* Begin XCBuildConfiguration section */
		92ED5D041F5818D3007FEFE3 /* Debug */ = {
			isa = XCBuildConfiguration;
			buildSettings = {
				ALWAYS_SEARCH_USER_PATHS = NO;
				CLANG_ANALYZER_NONNULL = YES;
				CLANG_ANALYZER_NUMBER_OBJECT_CONVERSION = YES_AGGRESSIVE;
				CLANG_CXX_LANGUAGE_STANDARD = "gnu++14";
				CLANG_CXX_LIBRARY = "libc++";
				CLANG_ENABLE_MODULES = YES;
				CLANG_ENABLE_OBJC_ARC = YES;
				CLANG_WARN_BLOCK_CAPTURE_AUTORELEASING = YES;
				CLANG_WARN_BOOL_CONVERSION = YES;
				CLANG_WARN_COMMA = YES;
				CLANG_WARN_CONSTANT_CONVERSION = YES;
				CLANG_WARN_DIRECT_OBJC_ISA_USAGE = YES_ERROR;
				CLANG_WARN_DOCUMENTATION_COMMENTS = YES;
				CLANG_WARN_EMPTY_BODY = YES;
				CLANG_WARN_ENUM_CONVERSION = YES;
				CLANG_WARN_INFINITE_RECURSION = YES;
				CLANG_WARN_INT_CONVERSION = YES;
				CLANG_WARN_NON_LITERAL_NULL_CONVERSION = YES;
				CLANG_WARN_OBJC_LITERAL_CONVERSION = YES;
				CLANG_WARN_OBJC_ROOT_CLASS = YES_ERROR;
				CLANG_WARN_RANGE_LOOP_ANALYSIS = YES;
				CLANG_WARN_STRICT_PROTOTYPES = YES;
				CLANG_WARN_SUSPICIOUS_MOVE = YES;
				CLANG_WARN_UNGUARDED_AVAILABILITY = YES_AGGRESSIVE;
				CLANG_WARN_UNREACHABLE_CODE = YES;
				CLANG_WARN__DUPLICATE_METHOD_MATCH = YES;
				CODE_SIGN_IDENTITY = "iPhone Developer";
				COPY_PHASE_STRIP = NO;
				DEBUG_INFORMATION_FORMAT = dwarf;
				ENABLE_STRICT_OBJC_MSGSEND = YES;
				ENABLE_TESTABILITY = YES;
				GCC_C_LANGUAGE_STANDARD = gnu11;
				GCC_DYNAMIC_NO_PIC = NO;
				GCC_NO_COMMON_BLOCKS = YES;
				GCC_OPTIMIZATION_LEVEL = 0;
				GCC_PREPROCESSOR_DEFINITIONS = (
					"DEBUG=1",
					"$(inherited)",
				);
				GCC_WARN_64_TO_32_BIT_CONVERSION = YES;
				GCC_WARN_ABOUT_RETURN_TYPE = YES_ERROR;
				GCC_WARN_UNDECLARED_SELECTOR = YES;
				GCC_WARN_UNINITIALIZED_AUTOS = YES_AGGRESSIVE;
				GCC_WARN_UNUSED_FUNCTION = YES;
				GCC_WARN_UNUSED_VARIABLE = YES;
				IPHONEOS_DEPLOYMENT_TARGET = 11.0;
				MTL_ENABLE_DEBUG_INFO = YES;
				ONLY_ACTIVE_ARCH = YES;
				SDKROOT = iphoneos;
				SWIFT_ACTIVE_COMPILATION_CONDITIONS = DEBUG;
				SWIFT_OPTIMIZATION_LEVEL = "-Onone";
			};
			name = Debug;
		};
		92ED5D051F5818D3007FEFE3 /* Release */ = {
			isa = XCBuildConfiguration;
			buildSettings = {
				ALWAYS_SEARCH_USER_PATHS = NO;
				CLANG_ANALYZER_NONNULL = YES;
				CLANG_ANALYZER_NUMBER_OBJECT_CONVERSION = YES_AGGRESSIVE;
				CLANG_CXX_LANGUAGE_STANDARD = "gnu++14";
				CLANG_CXX_LIBRARY = "libc++";
				CLANG_ENABLE_MODULES = YES;
				CLANG_ENABLE_OBJC_ARC = YES;
				CLANG_WARN_BLOCK_CAPTURE_AUTORELEASING = YES;
				CLANG_WARN_BOOL_CONVERSION = YES;
				CLANG_WARN_COMMA = YES;
				CLANG_WARN_CONSTANT_CONVERSION = YES;
				CLANG_WARN_DIRECT_OBJC_ISA_USAGE = YES_ERROR;
				CLANG_WARN_DOCUMENTATION_COMMENTS = YES;
				CLANG_WARN_EMPTY_BODY = YES;
				CLANG_WARN_ENUM_CONVERSION = YES;
				CLANG_WARN_INFINITE_RECURSION = YES;
				CLANG_WARN_INT_CONVERSION = YES;
				CLANG_WARN_NON_LITERAL_NULL_CONVERSION = YES;
				CLANG_WARN_OBJC_LITERAL_CONVERSION = YES;
				CLANG_WARN_OBJC_ROOT_CLASS = YES_ERROR;
				CLANG_WARN_RANGE_LOOP_ANALYSIS = YES;
				CLANG_WARN_STRICT_PROTOTYPES = YES;
				CLANG_WARN_SUSPICIOUS_MOVE = YES;
				CLANG_WARN_UNGUARDED_AVAILABILITY = YES_AGGRESSIVE;
				CLANG_WARN_UNREACHABLE_CODE = YES;
				CLANG_WARN__DUPLICATE_METHOD_MATCH = YES;
				CODE_SIGN_IDENTITY = "iPhone Developer";
				COPY_PHASE_STRIP = NO;
				DEBUG_INFORMATION_FORMAT = "dwarf-with-dsym";
				ENABLE_NS_ASSERTIONS = NO;
				ENABLE_STRICT_OBJC_MSGSEND = YES;
				GCC_C_LANGUAGE_STANDARD = gnu11;
				GCC_NO_COMMON_BLOCKS = YES;
				GCC_WARN_64_TO_32_BIT_CONVERSION = YES;
				GCC_WARN_ABOUT_RETURN_TYPE = YES_ERROR;
				GCC_WARN_UNDECLARED_SELECTOR = YES;
				GCC_WARN_UNINITIALIZED_AUTOS = YES_AGGRESSIVE;
				GCC_WARN_UNUSED_FUNCTION = YES;
				GCC_WARN_UNUSED_VARIABLE = YES;
				IPHONEOS_DEPLOYMENT_TARGET = 11.0;
				MTL_ENABLE_DEBUG_INFO = NO;
				SDKROOT = iphoneos;
				SWIFT_OPTIMIZATION_LEVEL = "-Owholemodule";
				VALIDATE_PRODUCT = YES;
			};
			name = Release;
		};
		92ED5D071F5818D3007FEFE3 /* Debug */ = {
			isa = XCBuildConfiguration;
			buildSettings = {
				ASSETCATALOG_COMPILER_APPICON_NAME = AppIcon;
				CODE_SIGN_STYLE = Automatic;
				DEVELOPMENT_TEAM = 4LZBFVML4B;
				INFOPLIST_FILE = "AVPlayerViewController-Bug/Info.plist";
				LD_RUNPATH_SEARCH_PATHS = "$(inherited) @executable_path/Frameworks";
				PRODUCT_BUNDLE_IDENTIFIER = "com.oleg.AVPlayerViewController-Bug";
				PRODUCT_NAME = "$(TARGET_NAME)";
				SWIFT_VERSION = 3.0;
				TARGETED_DEVICE_FAMILY = "1,2";
			};
			name = Debug;
		};
		92ED5D081F5818D3007FEFE3 /* Release */ = {
			isa = XCBuildConfiguration;
			buildSettings = {
				ASSETCATALOG_COMPILER_APPICON_NAME = AppIcon;
				CODE_SIGN_STYLE = Automatic;
				DEVELOPMENT_TEAM = 4LZBFVML4B;
				INFOPLIST_FILE = "AVPlayerViewController-Bug/Info.plist";
				LD_RUNPATH_SEARCH_PATHS = "$(inherited) @executable_path/Frameworks";
				PRODUCT_BUNDLE_IDENTIFIER = "com.oleg.AVPlayerViewController-Bug";
				PRODUCT_NAME = "$(TARGET_NAME)";
				SWIFT_VERSION = 3.0;
				TARGETED_DEVICE_FAMILY = "1,2";
			};
			name = Release;
		};
/* End XCBuildConfiguration section */

/* Begin XCConfigurationList section */
		92ED5CEF1F5818D3007FEFE3 /* Build configuration list for PBXProject "AVPlayerViewController-Bug" */ = {
			isa = XCConfigurationList;
			buildConfigurations = (
				92ED5D041F5818D3007FEFE3 /* Debug */,
				92ED5D051F5818D3007FEFE3 /* Release */,
			);
			defaultConfigurationIsVisible = 0;
			defaultConfigurationName = Release;
		};
		92ED5D061F5818D3007FEFE3 /* Build configuration list for PBXNativeTarget "AVPlayerViewController-Bug" */ = {
			isa = XCConfigurationList;
			buildConfigurations = (
				92ED5D071F5818D3007FEFE3 /* Debug */,
				92ED5D081F5818D3007FEFE3 /* Release */,
			);
			defaultConfigurationIsVisible = 0;
			defaultConfigurationName = Release;
		};
/* End XCConfigurationList section */
	};
	rootObject = 92ED5CEC1F5818D3007FEFE3 /* Project object */;
}
